
Microsoft Visual Studio Solution File, Format Version 12.00
# Visual Studio Version 17
VisualStudioVersion = 17.10.35201.131
MinimumVisualStudioVersion = 10.0.40219.1
Project("{FAE04EC0-301F-11D3-BF4B-00C04F79EFBC}") = "BathroomApp", "BathroomApp\BathroomApp.csproj", "{A3DEA245-CB86-4989-B4EE-2B191E3FBF36}"
EndProject
Global
	GlobalSection(SolutionConfigurationPlatforms) = preSolution
		Debug|Any CPU = Debug|Any CPU
		Release|Any CPU = Release|Any CPU
	EndGlobalSection
	GlobalSection(ProjectConfigurationPlatforms) = postSolution
		{A3DEA245-CB86-4989-B4EE-2B191E3FBF36}.Debug|Any CPU.ActiveCfg = Debug|Any CPU
		{A3DEA245-CB86-4989-B4EE-2B191E3FBF36}.Debug|Any CPU.Build.0 = Debug|Any CPU
		{A3DEA245-CB86-4989-B4EE-2B191E3FBF36}.Release|Any CPU.ActiveCfg = Release|Any CPU
		{A3DEA245-CB86-4989-B4EE-2B191E3FBF36}.Release|Any CPU.Build.0 = Release|Any CPU
	EndGlobalSection
	GlobalSection(SolutionProperties) = preSolution
		HideSolutionNode = FALSE
	EndGlobalSection
	GlobalSection(ExtensibilityGlobals) = postSolution
		SolutionGuid = {6AC77573-1C42-456F-AC6D-F023AD8772DC}
	EndGlobalSection
EndGlobal
